
Microsoft Visual Studio Solution File, Format Version 12.00
# Visual Studio Version 17
VisualStudioVersion = 17.6.33815.320
MinimumVisualStudioVersion = 10.0.40219.1
Project("{FAE04EC0-301F-11D3-BF4B-00C04F79EFBC}") = "Tutorial-FaceRecognition", "Tutorial-FaceRecognition.csproj", "{20426F87-6FB4-4F0A-B9FF-99B7C1432589}"
EndProject
Global
	GlobalSection(SolutionConfigurationPlatforms) = preSolution
		Debug|Any CPU = Debug|Any CPU
		Release|Any CPU = Release|Any CPU
	EndGlobalSection
	GlobalSection(ProjectConfigurationPlatforms) = postSolution
		{20426F87-6FB4-4F0A-B9FF-99B7C1432589}.Debug|Any CPU.ActiveCfg = Debug|Any CPU
		{20426F87-6FB4-4F0A-B9FF-99B7C1432589}.Debug|Any CPU.Build.0 = Debug|Any CPU
		{20426F87-6FB4-4F0A-B9FF-99B7C1432589}.Release|Any CPU.ActiveCfg = Release|Any CPU
		{20426F87-6FB4-4F0A-B9FF-99B7C1432589}.Release|Any CPU.Build.0 = Release|Any CPU
	EndGlobalSection
	GlobalSection(SolutionProperties) = preSolution
		HideSolutionNode = FALSE
	EndGlobalSection
	GlobalSection(ExtensibilityGlobals) = postSolution
		SolutionGuid = {84A4A39D-A1C0-42FF-AA4B-8C6827326135}
	EndGlobalSection
EndGlobal
